
Microsoft Visual Studio Solution File, Format Version 12.00
# Visual Studio Version 16
VisualStudioVersion = 16.0.31105.61
MinimumVisualStudioVersion = 10.0.40219.1
Project("{9A19103F-16F7-4668-BE54-9A1E7A4F7556}") = "WebCoreMVC", "WebCoreMVC\WebCoreMVC.csproj", "{EBAAA674-6B9E-40C5-93CB-305D1D96CEE6}"
EndProject
Project("{9A19103F-16F7-4668-BE54-9A1E7A4F7556}") = "Service", "Service\Service.csproj", "{1F32BA85-68CA-4D60-BFF7-9C8FA2CC4EDD}"
EndProject
Project("{FAE04EC0-301F-11D3-BF4B-00C04F79EFBC}") = "DataAccess", "DataAccess\DataAccess.csproj", "{0E8E37C1-021F-4874-92EB-2DB08E362842}"
EndProject
Global
	GlobalSection(SolutionConfigurationPlatforms) = preSolution
		Debug|Any CPU = Debug|Any CPU
		Release|Any CPU = Release|Any CPU
	EndGlobalSection
	GlobalSection(ProjectConfigurationPlatforms) = postSolution
		{EBAAA674-6B9E-40C5-93CB-305D1D96CEE6}.Debug|Any CPU.ActiveCfg = Debug|Any CPU
		{EBAAA674-6B9E-40C5-93CB-305D1D96CEE6}.Debug|Any CPU.Build.0 = Debug|Any CPU
		{EBAAA674-6B9E-40C5-93CB-305D1D96CEE6}.Release|Any CPU.ActiveCfg = Release|Any CPU
		{EBAAA674-6B9E-40C5-93CB-305D1D96CEE6}.Release|Any CPU.Build.0 = Release|Any CPU
		{1F32BA85-68CA-4D60-BFF7-9C8FA2CC4EDD}.Debug|Any CPU.ActiveCfg = Debug|Any CPU
		{1F32BA85-68CA-4D60-BFF7-9C8FA2CC4EDD}.Debug|Any CPU.Build.0 = Debug|Any CPU
		{1F32BA85-68CA-4D60-BFF7-9C8FA2CC4EDD}.Release|Any CPU.ActiveCfg = Release|Any CPU
		{1F32BA85-68CA-4D60-BFF7-9C8FA2CC4EDD}.Release|Any CPU.Build.0 = Release|Any CPU
		{0E8E37C1-021F-4874-92EB-2DB08E362842}.Debug|Any CPU.ActiveCfg = Debug|Any CPU
		{0E8E37C1-021F-4874-92EB-2DB08E362842}.Debug|Any CPU.Build.0 = Debug|Any CPU
		{0E8E37C1-021F-4874-92EB-2DB08E362842}.Release|Any CPU.ActiveCfg = Release|Any CPU
		{0E8E37C1-021F-4874-92EB-2DB08E362842}.Release|Any CPU.Build.0 = Release|Any CPU
	EndGlobalSection
	GlobalSection(SolutionProperties) = preSolution
		HideSolutionNode = FALSE
	EndGlobalSection
	GlobalSection(ExtensibilityGlobals) = postSolution
		SolutionGuid = {AE45871C-0525-4061-A5F6-061D82718396}
	EndGlobalSection
EndGlobal
